
Microsoft Visual Studio Solution File, Format Version 12.00
# Visual Studio Version 16
VisualStudioVersion = 16.0.29009.5
MinimumVisualStudioVersion = 10.0.40219.1
Project("{9A19103F-16F7-4668-BE54-9A1E7A4F7556}") = "Capitulo1", "Capitulo1\Capitulo1.csproj", "{FE98512E-E9E9-44F1-A4F9-9D095B7A78E4}"
EndProject
Project("{FAE04EC0-301F-11D3-BF4B-00C04F79EFBC}") = "ManageMultithreading", "ManageMultithreading\ManageMultithreading.csproj", "{D37C1C53-A0F7-4378-AAF9-282EA216F122}"
EndProject
Global
	GlobalSection(SolutionConfigurationPlatforms) = preSolution
		Debug|Any CPU = Debug|Any CPU
		Release|Any CPU = Release|Any CPU
	EndGlobalSection
	GlobalSection(ProjectConfigurationPlatforms) = postSolution
		{FE98512E-E9E9-44F1-A4F9-9D095B7A78E4}.Debug|Any CPU.ActiveCfg = Debug|Any CPU
		{FE98512E-E9E9-44F1-A4F9-9D095B7A78E4}.Debug|Any CPU.Build.0 = Debug|Any CPU
		{FE98512E-E9E9-44F1-A4F9-9D095B7A78E4}.Release|Any CPU.ActiveCfg = Release|Any CPU
		{FE98512E-E9E9-44F1-A4F9-9D095B7A78E4}.Release|Any CPU.Build.0 = Release|Any CPU
		{D37C1C53-A0F7-4378-AAF9-282EA216F122}.Debug|Any CPU.ActiveCfg = Debug|Any CPU
		{D37C1C53-A0F7-4378-AAF9-282EA216F122}.Debug|Any CPU.Build.0 = Debug|Any CPU
		{D37C1C53-A0F7-4378-AAF9-282EA216F122}.Release|Any CPU.ActiveCfg = Release|Any CPU
		{D37C1C53-A0F7-4378-AAF9-282EA216F122}.Release|Any CPU.Build.0 = Release|Any CPU
	EndGlobalSection
	GlobalSection(SolutionProperties) = preSolution
		HideSolutionNode = FALSE
	EndGlobalSection
	GlobalSection(ExtensibilityGlobals) = postSolution
		SolutionGuid = {D98D0137-FCBD-4D6A-A5C8-373080D6480E}
	EndGlobalSection
EndGlobal
