
Microsoft Visual Studio Solution File, Format Version 12.00
# Visual Studio Version 16
VisualStudioVersion = 16.0.29009.5
MinimumVisualStudioVersion = 10.0.40219.1
Project("{9A19103F-16F7-4668-BE54-9A1E7A4F7556}") = "Capitulo1", "Capitulo1\Capitulo1.csproj", "{FE98512E-E9E9-44F1-A4F9-9D095B7A78E4}"
EndProject
Project("{9A19103F-16F7-4668-BE54-9A1E7A4F7556}") = "ManageMultithreading", "ManageMultithreading\ManageMultithreading.csproj", "{D37C1C53-A0F7-4378-AAF9-282EA216F122}"
EndProject
Project("{9A19103F-16F7-4668-BE54-9A1E7A4F7556}") = "ImplementProgramFlow", "ImplementProgramFlow\ImplementProgramFlow.csproj", "{1687C52C-23E0-4331-A0B4-DD460A87DC66}"
EndProject
Project("{9A19103F-16F7-4668-BE54-9A1E7A4F7556}") = "EventsAndCallbacks", "EventsAndCallbacks\EventsAndCallbacks.csproj", "{9ECD6E11-CC09-49EA-BF46-09067CE37135}"
EndProject
Project("{9A19103F-16F7-4668-BE54-9A1E7A4F7556}") = "ImplementExceptionHandling", "ImplementExceptionHandling\ImplementExceptionHandling.csproj", "{7A66C3C8-9C1B-4E7B-AB72-CBEC9C379877}"
EndProject
Project("{2150E333-8FDC-42A3-9474-1A3956D46DE8}") = "Exercicios", "Exercicios", "{443AA86B-1C14-487B-8DDB-B43B0ED768D5}"
	ProjectSection(SolutionItems) = preProject
		Capitulo1.txt = Capitulo1.txt
		SOLID.txt = SOLID.txt
	EndProjectSection
EndProject
Project("{2150E333-8FDC-42A3-9474-1A3956D46DE8}") = "2-CreateAndUseTypes", "2-CreateAndUseTypes", "{CB3DE61E-50C8-45F4-81B2-1F48748AAFA9}"
EndProject
Project("{2150E333-8FDC-42A3-9474-1A3956D46DE8}") = "2.1-CreateTypes", "2.1-CreateTypes", "{4E77991B-84E7-4E4C-8779-033CBBBC9D68}"
EndProject
Project("{9A19103F-16F7-4668-BE54-9A1E7A4F7556}") = "CreateTypes", "CreateTypes\CreateTypes.csproj", "{A3B1012D-0B4E-42D3-9D83-4EFC709763E3}"
EndProject
Project("{2150E333-8FDC-42A3-9474-1A3956D46DE8}") = "1-ManageProgramFlow", "1-ManageProgramFlow", "{D12DBA41-519F-44C2-88F0-8B2F730B9D32}"
EndProject
Project("{2150E333-8FDC-42A3-9474-1A3956D46DE8}") = "1.1-ImplementMultithreading", "1.1-ImplementMultithreading", "{B7C83803-A400-4D08-8243-CC62EAE55EC9}"
EndProject
Project("{2150E333-8FDC-42A3-9474-1A3956D46DE8}") = "1.2-ManageMultithreading", "1.2-ManageMultithreading", "{74745296-15AE-4122-BE41-076573AA54BF}"
EndProject
Project("{2150E333-8FDC-42A3-9474-1A3956D46DE8}") = "1.3-ImplementProgramFlow", "1.3-ImplementProgramFlow", "{4E6F501C-7882-41A5-8CA8-D2A53C6DD187}"
EndProject
Project("{2150E333-8FDC-42A3-9474-1A3956D46DE8}") = "1.4-EventsAndCallbacks", "1.4-EventsAndCallbacks", "{5E649E7F-D6E6-4104-A652-EEF62639F520}"
EndProject
Project("{2150E333-8FDC-42A3-9474-1A3956D46DE8}") = "1.5-ImplementExceptionHandling", "1.5-ImplementExceptionHandling", "{123985C7-565D-4138-9DB0-1059050AA46C}"
EndProject
Project("{2150E333-8FDC-42A3-9474-1A3956D46DE8}") = "2.2-ConsumeTypes", "2.2-ConsumeTypes", "{918D162C-7324-4DDF-BE5D-1B54036F7484}"
EndProject
Project("{9A19103F-16F7-4668-BE54-9A1E7A4F7556}") = "ConsumeTypes", "ConsumeTypes\ConsumeTypes.csproj", "{53CE1021-2C62-47B6-8CED-99E27FB4BF18}"
EndProject
Project("{2150E333-8FDC-42A3-9474-1A3956D46DE8}") = "3 - Security", "3 - Security", "{C6E57DF7-3632-4BC0-BD31-BD044AE4B4AC}"
EndProject
Project("{9A19103F-16F7-4668-BE54-9A1E7A4F7556}") = "Security", "Security\Security.csproj", "{8D344BE9-7138-4115-BC70-6DAE756D253D}"
EndProject
Project("{9A19103F-16F7-4668-BE54-9A1E7A4F7556}") = "Diagnostics", "Diagnostics\Diagnostics.csproj", "{EA2ACA8C-2845-420F-A8C3-9C837754AD62}"
EndProject
Project("{2150E333-8FDC-42A3-9474-1A3956D46DE8}") = "4 - ImplementDataAccess", "4 - ImplementDataAccess", "{034955BA-6B40-4CA9-9866-1FBE579C6771}"
EndProject
Project("{FAE04EC0-301F-11D3-BF4B-00C04F79EFBC}") = "Files", "Files\Files.csproj", "{347481EA-68FF-4459-836C-3095D3AC3983}"
EndProject
Global
	GlobalSection(SolutionConfigurationPlatforms) = preSolution
		Debug|Any CPU = Debug|Any CPU
		Release|Any CPU = Release|Any CPU
	EndGlobalSection
	GlobalSection(ProjectConfigurationPlatforms) = postSolution
		{FE98512E-E9E9-44F1-A4F9-9D095B7A78E4}.Debug|Any CPU.ActiveCfg = Debug|Any CPU
		{FE98512E-E9E9-44F1-A4F9-9D095B7A78E4}.Debug|Any CPU.Build.0 = Debug|Any CPU
		{FE98512E-E9E9-44F1-A4F9-9D095B7A78E4}.Release|Any CPU.ActiveCfg = Release|Any CPU
		{FE98512E-E9E9-44F1-A4F9-9D095B7A78E4}.Release|Any CPU.Build.0 = Release|Any CPU
		{D37C1C53-A0F7-4378-AAF9-282EA216F122}.Debug|Any CPU.ActiveCfg = Debug|Any CPU
		{D37C1C53-A0F7-4378-AAF9-282EA216F122}.Debug|Any CPU.Build.0 = Debug|Any CPU
		{D37C1C53-A0F7-4378-AAF9-282EA216F122}.Release|Any CPU.ActiveCfg = Release|Any CPU
		{D37C1C53-A0F7-4378-AAF9-282EA216F122}.Release|Any CPU.Build.0 = Release|Any CPU
		{1687C52C-23E0-4331-A0B4-DD460A87DC66}.Debug|Any CPU.ActiveCfg = Debug|Any CPU
		{1687C52C-23E0-4331-A0B4-DD460A87DC66}.Debug|Any CPU.Build.0 = Debug|Any CPU
		{1687C52C-23E0-4331-A0B4-DD460A87DC66}.Release|Any CPU.ActiveCfg = Release|Any CPU
		{1687C52C-23E0-4331-A0B4-DD460A87DC66}.Release|Any CPU.Build.0 = Release|Any CPU
		{9ECD6E11-CC09-49EA-BF46-09067CE37135}.Debug|Any CPU.ActiveCfg = Debug|Any CPU
		{9ECD6E11-CC09-49EA-BF46-09067CE37135}.Debug|Any CPU.Build.0 = Debug|Any CPU
		{9ECD6E11-CC09-49EA-BF46-09067CE37135}.Release|Any CPU.ActiveCfg = Release|Any CPU
		{9ECD6E11-CC09-49EA-BF46-09067CE37135}.Release|Any CPU.Build.0 = Release|Any CPU
		{7A66C3C8-9C1B-4E7B-AB72-CBEC9C379877}.Debug|Any CPU.ActiveCfg = Debug|Any CPU
		{7A66C3C8-9C1B-4E7B-AB72-CBEC9C379877}.Debug|Any CPU.Build.0 = Debug|Any CPU
		{7A66C3C8-9C1B-4E7B-AB72-CBEC9C379877}.Release|Any CPU.ActiveCfg = Release|Any CPU
		{7A66C3C8-9C1B-4E7B-AB72-CBEC9C379877}.Release|Any CPU.Build.0 = Release|Any CPU
		{A3B1012D-0B4E-42D3-9D83-4EFC709763E3}.Debug|Any CPU.ActiveCfg = Debug|Any CPU
		{A3B1012D-0B4E-42D3-9D83-4EFC709763E3}.Debug|Any CPU.Build.0 = Debug|Any CPU
		{A3B1012D-0B4E-42D3-9D83-4EFC709763E3}.Release|Any CPU.ActiveCfg = Release|Any CPU
		{A3B1012D-0B4E-42D3-9D83-4EFC709763E3}.Release|Any CPU.Build.0 = Release|Any CPU
		{53CE1021-2C62-47B6-8CED-99E27FB4BF18}.Debug|Any CPU.ActiveCfg = Debug|Any CPU
		{53CE1021-2C62-47B6-8CED-99E27FB4BF18}.Debug|Any CPU.Build.0 = Debug|Any CPU
		{53CE1021-2C62-47B6-8CED-99E27FB4BF18}.Release|Any CPU.ActiveCfg = Release|Any CPU
		{53CE1021-2C62-47B6-8CED-99E27FB4BF18}.Release|Any CPU.Build.0 = Release|Any CPU
		{8D344BE9-7138-4115-BC70-6DAE756D253D}.Debug|Any CPU.ActiveCfg = Debug|Any CPU
		{8D344BE9-7138-4115-BC70-6DAE756D253D}.Debug|Any CPU.Build.0 = Debug|Any CPU
		{8D344BE9-7138-4115-BC70-6DAE756D253D}.Release|Any CPU.ActiveCfg = Release|Any CPU
		{8D344BE9-7138-4115-BC70-6DAE756D253D}.Release|Any CPU.Build.0 = Release|Any CPU
		{EA2ACA8C-2845-420F-A8C3-9C837754AD62}.Debug|Any CPU.ActiveCfg = Debug|Any CPU
		{EA2ACA8C-2845-420F-A8C3-9C837754AD62}.Debug|Any CPU.Build.0 = Debug|Any CPU
		{EA2ACA8C-2845-420F-A8C3-9C837754AD62}.Release|Any CPU.ActiveCfg = Release|Any CPU
		{EA2ACA8C-2845-420F-A8C3-9C837754AD62}.Release|Any CPU.Build.0 = Release|Any CPU
		{347481EA-68FF-4459-836C-3095D3AC3983}.Debug|Any CPU.ActiveCfg = Debug|Any CPU
		{347481EA-68FF-4459-836C-3095D3AC3983}.Debug|Any CPU.Build.0 = Debug|Any CPU
		{347481EA-68FF-4459-836C-3095D3AC3983}.Release|Any CPU.ActiveCfg = Release|Any CPU
		{347481EA-68FF-4459-836C-3095D3AC3983}.Release|Any CPU.Build.0 = Release|Any CPU
	EndGlobalSection
	GlobalSection(SolutionProperties) = preSolution
		HideSolutionNode = FALSE
	EndGlobalSection
	GlobalSection(NestedProjects) = preSolution
		{FE98512E-E9E9-44F1-A4F9-9D095B7A78E4} = {B7C83803-A400-4D08-8243-CC62EAE55EC9}
		{D37C1C53-A0F7-4378-AAF9-282EA216F122} = {74745296-15AE-4122-BE41-076573AA54BF}
		{1687C52C-23E0-4331-A0B4-DD460A87DC66} = {4E6F501C-7882-41A5-8CA8-D2A53C6DD187}
		{9ECD6E11-CC09-49EA-BF46-09067CE37135} = {5E649E7F-D6E6-4104-A652-EEF62639F520}
		{7A66C3C8-9C1B-4E7B-AB72-CBEC9C379877} = {123985C7-565D-4138-9DB0-1059050AA46C}
		{4E77991B-84E7-4E4C-8779-033CBBBC9D68} = {CB3DE61E-50C8-45F4-81B2-1F48748AAFA9}
		{A3B1012D-0B4E-42D3-9D83-4EFC709763E3} = {4E77991B-84E7-4E4C-8779-033CBBBC9D68}
		{B7C83803-A400-4D08-8243-CC62EAE55EC9} = {D12DBA41-519F-44C2-88F0-8B2F730B9D32}
		{74745296-15AE-4122-BE41-076573AA54BF} = {D12DBA41-519F-44C2-88F0-8B2F730B9D32}
		{4E6F501C-7882-41A5-8CA8-D2A53C6DD187} = {D12DBA41-519F-44C2-88F0-8B2F730B9D32}
		{5E649E7F-D6E6-4104-A652-EEF62639F520} = {D12DBA41-519F-44C2-88F0-8B2F730B9D32}
		{123985C7-565D-4138-9DB0-1059050AA46C} = {D12DBA41-519F-44C2-88F0-8B2F730B9D32}
		{918D162C-7324-4DDF-BE5D-1B54036F7484} = {CB3DE61E-50C8-45F4-81B2-1F48748AAFA9}
		{53CE1021-2C62-47B6-8CED-99E27FB4BF18} = {918D162C-7324-4DDF-BE5D-1B54036F7484}
		{8D344BE9-7138-4115-BC70-6DAE756D253D} = {C6E57DF7-3632-4BC0-BD31-BD044AE4B4AC}
		{EA2ACA8C-2845-420F-A8C3-9C837754AD62} = {C6E57DF7-3632-4BC0-BD31-BD044AE4B4AC}
		{347481EA-68FF-4459-836C-3095D3AC3983} = {034955BA-6B40-4CA9-9866-1FBE579C6771}
	EndGlobalSection
	GlobalSection(ExtensibilityGlobals) = postSolution
		SolutionGuid = {D98D0137-FCBD-4D6A-A5C8-373080D6480E}
	EndGlobalSection
EndGlobal
